{
  "name": "reeceturner.com",
  "lockfileVersion": 3,
  "requires": true,
  "packages": {
    "": {
      "dependencies": {
        "@fortawesome/free-brands-svg-icons": "^6.7.2",
        "@fortawesome/react-fontawesome": "^0.2.2",
        "github-calendar": "^2.3.4",
        "react-snowfall": "^2.2.0"
      }
    },
    "node_modules/@fortawesome/fontawesome-common-types": {
      "version": "6.7.2",
      "resolved": "https://registry.npmjs.org/@fortawesome/fontawesome-common-types/-/fontawesome-common-types-6.7.2.tgz",
      "integrity": "sha512-Zs+YeHUC5fkt7Mg1l6XTniei3k4bwG/yo3iFUtZWd/pMx9g3fdvkSK9E0FOC+++phXOka78uJcYb8JaFkW52Xg==",
      "engines": {
        "node": ">=6"
      }
    },
    "node_modules/@fortawesome/fontawesome-svg-core": {
      "version": "6.7.2",
      "resolved": "https://registry.npmjs.org/@fortawesome/fontawesome-svg-core/-/fontawesome-svg-core-6.7.2.tgz",
      "integrity": "sha512-yxtOBWDrdi5DD5o1pmVdq3WMCvnobT0LU6R8RyyVXPvFRd2o79/0NCuQoCjNTeZz9EzA9xS3JxNWfv54RIHFEA==",
      "peer": true,
      "dependencies": {
        "@fortawesome/fontawesome-common-types": "6.7.2"
      },
      "engines": {
        "node": ">=6"
      }
    },
    "node_modules/@fortawesome/free-brands-svg-icons": {
      "version": "6.7.2",
      "resolved": "https://registry.npmjs.org/@fortawesome/free-brands-svg-icons/-/free-brands-svg-icons-6.7.2.tgz",
      "integrity": "sha512-zu0evbcRTgjKfrr77/2XX+bU+kuGfjm0LbajJHVIgBWNIDzrhpRxiCPNT8DW5AdmSsq7Mcf9D1bH0aSeSUSM+Q==",
      "dependencies": {
        "@fortawesome/fontawesome-common-types": "6.7.2"
      },
      "engines": {
        "node": ">=6"
      }
    },
    "node_modules/@fortawesome/react-fontawesome": {
      "version": "0.2.2",
      "resolved": "https://registry.npmjs.org/@fortawesome/react-fontawesome/-/react-fontawesome-0.2.2.tgz",
      "integrity": "sha512-EnkrprPNqI6SXJl//m29hpaNzOp1bruISWaOiRtkMi/xSvHJlzc2j2JAYS7egxt/EbjSNV/k6Xy0AQI6vB2+1g==",
      "dependencies": {
        "prop-types": "^15.8.1"
      },
      "peerDependencies": {
        "@fortawesome/fontawesome-svg-core": "~1 || ~6",
        "react": ">=16.3"
      }
    },
    "node_modules/add-subtract-date": {
      "version": "1.0.16",
      "resolved": "https://registry.npmjs.org/add-subtract-date/-/add-subtract-date-1.0.16.tgz",
      "integrity": "sha512-pmGFYgOmVhZ7R47PB/h/BLt/f77rVZL3WXvxSUWKSd6RTe7lHu7ZalQUYWJ2RXNIuv9KKZjstyuKnNQqbqtoGw=="
    },
    "node_modules/days": {
      "version": "1.1.1",
      "resolved": "https://registry.npmjs.org/days/-/days-1.1.1.tgz",
      "integrity": "sha512-vzeIwVsEIyA35GH4+mPd4hjVDNI87wYANyZFs0BHjBr5kIBH5zEl7LfD6Wr4SFZca4D3CU9IH1w4DuZLlXzKRw==",
      "engines": {
        "node": ">=0.10.0"
      }
    },
    "node_modules/elly": {
      "version": "1.1.11",
      "resolved": "https://registry.npmjs.org/elly/-/elly-1.1.11.tgz",
      "integrity": "sha512-WFKVcEKEOjdSOhNYFKWQoJDk0Sb0re6v0fIsGkePn97dmPpKM/YoOKRdYIb34T1R13KPRNzDBDmT/Flb/54NXg==",
      "dependencies": {
        "iterate-object": "^1.3.2",
        "sliced": "^1.0.1"
      }
    },
    "node_modules/fillo": {
      "version": "1.0.15",
      "resolved": "https://registry.npmjs.org/fillo/-/fillo-1.0.15.tgz",
      "integrity": "sha512-AU9+1s5J2halrmGGe9On+a8TXfbaXsY9JLz/sxPsmcISaqcGn0M9Pt6cQzKPesqdzQdSQ08JJHH5RZR9HdF2Jw=="
    },
    "node_modules/formatoid": {
      "version": "1.2.5",
      "resolved": "https://registry.npmjs.org/formatoid/-/formatoid-1.2.5.tgz",
      "integrity": "sha512-ADuqDTwrQd0800jF0G6tL3mWwO8aGStjypqvrwkhTnoQc2fD1hc9reGtrMiRmWK7ti1n2NUfy+6WKfJ+AJUsvA==",
      "dependencies": {
        "days": "^1.0.1",
        "fillo": "^1.0.0",
        "months": "^1.0.0",
        "parse-it": "^1.0.0"
      }
    },
    "node_modules/github-calendar": {
      "version": "2.3.4",
      "resolved": "https://registry.npmjs.org/github-calendar/-/github-calendar-2.3.4.tgz",
      "integrity": "sha512-B2szQw0xVOluHYeuamkVtJXCHk5TaVyPjw2z4ynfnGlQ/jr2cb66SPgeNDcDHlGONOipQccWxv/VNVN5Gqr14A==",
      "dependencies": {
        "add-subtract-date": "^1.0.15",
        "elly": "^1.1.11",
        "formatoid": "^1.2.4",
        "github-calendar-parser": "^1.2.2"
      }
    },
    "node_modules/github-calendar-legend": {
      "version": "1.0.12",
      "resolved": "https://registry.npmjs.org/github-calendar-legend/-/github-calendar-legend-1.0.12.tgz",
      "integrity": "sha512-dVsVt22egxG3VEkJdQTdgphQkDj4FyQ1Sen4o4GteEz4SA7s2rX9j2fDR46fZaPLU8IXfL4Ig0h3z/zmb6ORWA=="
    },
    "node_modules/github-calendar-parser": {
      "version": "1.2.3",
      "resolved": "https://registry.npmjs.org/github-calendar-parser/-/github-calendar-parser-1.2.3.tgz",
      "integrity": "sha512-yd7GcKibU01nfD82h5dxLVUOaNDySABhYN/Y29OP1p03h38UpJxy23qe2hheIHbtZAwvQ15ErPAapgVGXmbYnQ==",
      "dependencies": {
        "github-calendar-legend": "^1.0.11"
      }
    },
    "node_modules/iterate-object": {
      "version": "1.3.5",
      "resolved": "https://registry.npmjs.org/iterate-object/-/iterate-object-1.3.5.tgz",
      "integrity": "sha512-eL23u8oFooYTq6TtJKjp2RYjZnCkUYQvC0T/6fJfWykXJ3quvdDdzKZ3CEjy8b3JGOvLTjDYMEMIp5243R906A=="
    },
    "node_modules/js-tokens": {
      "version": "4.0.0",
      "resolved": "https://registry.npmjs.org/js-tokens/-/js-tokens-4.0.0.tgz",
      "integrity": "sha512-RdJUflcE3cUzKiMqQgsCu06FPu9UdIJO0beYbPhHN4k6apgJtifcoCtT9bcxOpYBtpD2kCM6Sbzg4CausW/PKQ=="
    },
    "node_modules/loose-envify": {
      "version": "1.4.0",
      "resolved": "https://registry.npmjs.org/loose-envify/-/loose-envify-1.4.0.tgz",
      "integrity": "sha512-lyuxPGr/Wfhrlem2CL/UcnUc1zcqKAImBDzukY7Y5F/yQiNdko6+fRLevlw1HgMySw7f611UIY408EtxRSoK3Q==",
      "dependencies": {
        "js-tokens": "^3.0.0 || ^4.0.0"
      },
      "bin": {
        "loose-envify": "cli.js"
      }
    },
    "node_modules/months": {
      "version": "1.2.0",
      "resolved": "https://registry.npmjs.org/months/-/months-1.2.0.tgz",
      "integrity": "sha512-zFM7hUpziSYGk2DNObYGWgHdRRxAOgjl8CC1Rbl50p/q0rGDsREfk0nbxxmSIquVi/lEAuUY8nwbwkZ8biNCOQ==",
      "engines": {
        "node": ">=0.10.0"
      }
    },
    "node_modules/object-assign": {
      "version": "4.1.1",
      "resolved": "https://registry.npmjs.org/object-assign/-/object-assign-4.1.1.tgz",
      "integrity": "sha512-rJgTQnkUnH1sFw8yT6VSU3zD3sWmu6sZhIseY8VX+GRu3P6F7Fu+JNDoXfklElbLJSnc3FUQHVe4cU5hj+BcUg==",
      "engines": {
        "node": ">=0.10.0"
      }
    },
    "node_modules/parse-it": {
      "version": "1.0.11",
      "resolved": "https://registry.npmjs.org/parse-it/-/parse-it-1.0.11.tgz",
      "integrity": "sha512-1OWDPQNF7eUxkqPdP4vFu96QnVwQjy2zag5CZcF3Ipd12s1iu8nPpgNBsda0tgZlj04vSrIZ5DQr2bqp5Cn6UQ==",
      "dependencies": {
        "regex-escape": "^3.4.0"
      }
    },
    "node_modules/prop-types": {
      "version": "15.8.1",
      "resolved": "https://registry.npmjs.org/prop-types/-/prop-types-15.8.1.tgz",
      "integrity": "sha512-oj87CgZICdulUohogVAR7AjlC0327U4el4L6eAvOqCeudMDVU0NThNaV+b9Df4dXgSP1gXMTnPdhfe/2qDH5cg==",
      "dependencies": {
        "loose-envify": "^1.4.0",
        "object-assign": "^4.1.1",
        "react-is": "^16.13.1"
      }
    },
    "node_modules/react": {
      "version": "18.3.1",
      "resolved": "https://registry.npmjs.org/react/-/react-18.3.1.tgz",
      "integrity": "sha512-wS+hAgJShR0KhEvPJArfuPVN1+Hz1t0Y6n5jLrGQbkb4urgPE/0Rve+1kMB1v/oWgHgm4WIcV+i7F2pTVj+2iQ==",
      "peer": true,
      "dependencies": {
        "loose-envify": "^1.1.0"
      },
      "engines": {
        "node": ">=0.10.0"
      }
    },
    "node_modules/react-dom": {
      "version": "18.3.1",
      "resolved": "https://registry.npmjs.org/react-dom/-/react-dom-18.3.1.tgz",
      "integrity": "sha512-5m4nQKp+rZRb09LNH59GM4BxTh9251/ylbKIbpe7TpGxfJ+9kv6BLkLBXIjjspbgbnIBNqlI23tRnTWT0snUIw==",
      "peer": true,
      "dependencies": {
        "loose-envify": "^1.1.0",
        "scheduler": "^0.23.2"
      },
      "peerDependencies": {
        "react": "^18.3.1"
      }
    },
    "node_modules/react-fast-compare": {
      "version": "3.2.2",
      "resolved": "https://registry.npmjs.org/react-fast-compare/-/react-fast-compare-3.2.2.tgz",
      "integrity": "sha512-nsO+KSNgo1SbJqJEYRE9ERzo7YtYbou/OqjSQKxV7jcKox7+usiUVZOAC+XnDOABXggQTno0Y1CpVnuWEc1boQ=="
    },
    "node_modules/react-is": {
      "version": "16.13.1",
      "resolved": "https://registry.npmjs.org/react-is/-/react-is-16.13.1.tgz",
      "integrity": "sha512-24e6ynE2H+OKt4kqsOvNd8kBpV65zoxbA4BVsEOB3ARVWQki/DHzaUoC5KuON/BiccDaCCTZBuOcfZs70kR8bQ=="
    },
    "node_modules/react-snowfall": {
      "version": "2.2.0",
      "resolved": "https://registry.npmjs.org/react-snowfall/-/react-snowfall-2.2.0.tgz",
      "integrity": "sha512-dRk7vEHq/ZUOG+JHk2k/hH3HmliOWGXr4rKRDeW4mjWuHeI1r5h0Lc1r2jnTtUS1im702d6tCmNGymlNTdhXYg==",
      "dependencies": {
        "react-fast-compare": "^3.2.2"
      },
      "peerDependencies": {
        "react": "^16.8 || 17.x || 18.x",
        "react-dom": "^16.8 || 17.x || 18.x"
      }
    },
    "node_modules/regex-escape": {
      "version": "3.4.11",
      "resolved": "https://registry.npmjs.org/regex-escape/-/regex-escape-3.4.11.tgz",
      "integrity": "sha512-051l4Hl/0HoJwTvNztrWVjoxLiseSfCrDgWqwR1cnGM/nyQSeIjmvti5zZ7HzOmsXDPaJ2k0iFxQ6/WNpJD5wQ=="
    },
    "node_modules/scheduler": {
      "version": "0.23.2",
      "resolved": "https://registry.npmjs.org/scheduler/-/scheduler-0.23.2.tgz",
      "integrity": "sha512-UOShsPwz7NrMUqhR6t0hWjFduvOzbtv7toDH1/hIrfRNIDBnnBWd0CwJTGvTpngVlmwGCdP9/Zl/tVrDqcuYzQ==",
      "peer": true,
      "dependencies": {
        "loose-envify": "^1.1.0"
      }
    },
    "node_modules/sliced": {
      "version": "1.0.1",
      "resolved": "https://registry.npmjs.org/sliced/-/sliced-1.0.1.tgz",
      "integrity": "sha512-VZBmZP8WU3sMOZm1bdgTadsQbcscK0UM8oKxKVBs4XAhUo2Xxzm/OFMGBkPusxw9xL3Uy8LrzEqGqJhclsr0yA=="
    }
  }
}
